// !$*UTF8*$!
{
	archiveVersion = 1;
	classes = {
	};
	objectVersion = 50;
	objects = {

/* Begin PBXBuildFile section */
		AED7BB2A24B37F6F00C31E23 /* AppDelegate.swift in Sources */ = {isa = PBXBuildFile; fileRef = AED7BB2924B37F6F00C31E23 /* AppDelegate.swift */; };
		AED7BB2C24B37F6F00C31E23 /* SceneDelegate.swift in Sources */ = {isa = PBXBuildFile; fileRef = AED7BB2B24B37F6F00C31E23 /* SceneDelegate.swift */; };
		AED7BB2E24B37F6F00C31E23 /* ViewController.swift in Sources */ = {isa = PBXBuildFile; fileRef = AED7BB2D24B37F6F00C31E23 /* ViewController.swift */; };
		AED7BB3124B37F6F00C31E23 /* Main.storyboard in Resources */ = {isa = PBXBuildFile; fileRef = AED7BB2F24B37F6F00C31E23 /* Main.storyboard */; };
		AED7BB3324B37F7100C31E23 /* Assets.xcassets in Resources */ = {isa = PBXBuildFile; fileRef = AED7BB3224B37F7100C31E23 /* Assets.xcassets */; };
		AED7BB3624B37F7100C31E23 /* LaunchScreen.storyboard in Resources */ = {isa = PBXBuildFile; fileRef = AED7BB3424B37F7100C31E23 /* LaunchScreen.storyboard */; };
/* End PBXBuildFile section */

/* Begin PBXFileReference section */
		AED7BB2624B37F6F00C31E23 /* SYTYCD-ios.app */ = {isa = PBXFileReference; explicitFileType = wrapper.application; includeInIndex = 0; path = "SYTYCD-ios.app"; sourceTree = BUILT_PRODUCTS_DIR; };
		AED7BB2924B37F6F00C31E23 /* AppDelegate.swift */ = {isa = PBXFileReference; lastKnownFileType = sourcecode.swift; path = AppDelegate.swift; sourceTree = "<group>"; };
		AED7BB2B24B37F6F00C31E23 /* SceneDelegate.swift */ = {isa = PBXFileReference; lastKnownFileType = sourcecode.swift; path = SceneDelegate.swift; sourceTree = "<group>"; };
		AED7BB2D24B37F6F00C31E23 /* ViewController.swift */ = {isa = PBXFileReference; lastKnownFileType = sourcecode.swift; path = ViewController.swift; sourceTree = "<group>"; };
		AED7BB3024B37F6F00C31E23 /* Base */ = {isa = PBXFileReference; lastKnownFileType = file.storyboard; name = Base; path = Base.lproj/Main.storyboard; sourceTree = "<group>"; };
		AED7BB3224B37F7100C31E23 /* Assets.xcassets */ = {isa = PBXFileReference; lastKnownFileType = folder.assetcatalog; path = Assets.xcassets; sourceTree = "<group>"; };
		AED7BB3524B37F7100C31E23 /* Base */ = {isa = PBXFileReference; lastKnownFileType = file.storyboard; name = Base; path = Base.lproj/LaunchScreen.storyboard; sourceTree = "<group>"; };
		AED7BB3724B37F7100C31E23 /* Info.plist */ = {isa = PBXFileReference; lastKnownFileType = text.plist.xml; path = Info.plist; sourceTree = "<group>"; };
/* End PBXFileReference section */

/* Begin PBXFrameworksBuildPhase section */
		AED7BB2324B37F6F00C31E23 /* Frameworks */ = {
			isa = PBXFrameworksBuildPhase;
			buildActionMask = 2147483647;
			files = (
			);
			runOnlyForDeploymentPostprocessing = 0;
		};
/* End PBXFrameworksBuildPhase section */

/* Begin PBXGroup section */
		AED7BB1D24B37F6F00C31E23 = {
			isa = PBXGroup;
			children = (
				AED7BB2824B37F6F00C31E23 /* SYTYCD-ios */,
				AED7BB2724B37F6F00C31E23 /* Products */,
			);
			sourceTree = "<group>";
		};
		AED7BB2724B37F6F00C31E23 /* Products */ = {
			isa = PBXGroup;
			children = (
				AED7BB2624B37F6F00C31E23 /* SYTYCD-ios.app */,
			);
			name = Products;
			sourceTree = "<group>";
		};
		AED7BB2824B37F6F00C31E23 /* SYTYCD-ios */ = {
			isa = PBXGroup;
			children = (
				AED7BB2924B37F6F00C31E23 /* AppDelegate.swift */,
				AED7BB2B24B37F6F00C31E23 /* SceneDelegate.swift */,
				AED7BB2D24B37F6F00C31E23 /* ViewController.swift */,
				AED7BB2F24B37F6F00C31E23 /* Main.storyboard */,
				AED7BB3224B37F7100C31E23 /* Assets.xcassets */,
				AED7BB3424B37F7100C31E23 /* LaunchScreen.storyboard */,
				AED7BB3724B37F7100C31E23 /* Info.plist */,
			);
			path = "SYTYCD-ios";
			sourceTree = "<group>";
		};
/* End PBXGroup section */

/* Begin PBXNativeTarget section */
		AED7BB2524B37F6F00C31E23 /* SYTYCD-ios */ = {
			isa = PBXNativeTarget;
			buildConfigurationList = AED7BB3A24B37F7100C31E23 /* Build configuration list for PBXNativeTarget "SYTYCD-ios" */;
			buildPhases = (
				AED7BB2224B37F6F00C31E23 /* Sources */,
				AED7BB2324B37F6F00C31E23 /* Frameworks */,
				AED7BB2424B37F6F00C31E23 /* Resources */,
			);
			buildRules = (
			);
			dependencies = (
			);
			name = "SYTYCD-ios";
			productName = "SYTYCD-ios";
			productReference = AED7BB2624B37F6F00C31E23 /* SYTYCD-ios.app */;
			productType = "com.apple.product-type.application";
		};
/* End PBXNativeTarget section */

/* Begin PBXProject section */
		AED7BB1E24B37F6F00C31E23 /* Project object */ = {
			isa = PBXProject;
			attributes = {
				LastSwiftUpdateCheck = 1150;
				LastUpgradeCheck = 1150;
				ORGANIZATIONNAME = KuwaitCode;
				TargetAttributes = {
					AED7BB2524B37F6F00C31E23 = {
						CreatedOnToolsVersion = 11.5;
					};
				};
			};
			buildConfigurationList = AED7BB2124B37F6F00C31E23 /* Build configuration list for PBXProject "SYTYCD-ios" */;
			compatibilityVersion = "Xcode 9.3";
			developmentRegion = en;
			hasScannedForEncodings = 0;
			knownRegions = (
				en,
				Base,
			);
			mainGroup = AED7BB1D24B37F6F00C31E23;
			productRefGroup = AED7BB2724B37F6F00C31E23 /* Products */;
			projectDirPath = "";
			projectRoot = "";
			targets = (
				AED7BB2524B37F6F00C31E23 /* SYTYCD-ios */,
			);
		};
/* End PBXProject section */

/* Begin PBXResourcesBuildPhase section */
		AED7BB2424B37F6F00C31E23 /* Resources */ = {
			isa = PBXResourcesBuildPhase;
			buildActionMask = 2147483647;
			files = (
				AED7BB3624B37F7100C31E23 /* LaunchScreen.storyboard in Resources */,
				AED7BB3324B37F7100C31E23 /* Assets.xcassets in Resources */,
				AED7BB3124B37F6F00C31E23 /* Main.storyboard in Resources */,
			);
			runOnlyForDeploymentPostprocessing = 0;
		};
/* End PBXResourcesBuildPhase section */

/* Begin PBXSourcesBuildPhase section */
		AED7BB2224B37F6F00C31E23 /* Sources */ = {
			isa = PBXSourcesBuildPhase;
			buildActionMask = 2147483647;
			files = (
				AED7BB2E24B37F6F00C31E23 /* ViewController.swift in Sources */,
				AED7BB2A24B37F6F00C31E23 /* AppDelegate.swift in Sources */,
				AED7BB2C24B37F6F00C31E23 /* SceneDelegate.swift in Sources */,
			);
			runOnlyForDeploymentPostprocessing = 0;
		};
/* End PBXSourcesBuildPhase section */

/* Begin PBXVariantGroup section */
		AED7BB2F24B37F6F00C31E23 /* Main.storyboard */ = {
			isa = PBXVariantGroup;
			children = (
				AED7BB3024B37F6F00C31E23 /* Base */,
			);
			name = Main.storyboard;
			sourceTree = "<group>";
		};
		AED7BB3424B37F7100C31E23 /* LaunchScreen.storyboard */ = {
			isa = PBXVariantGroup;
			children = (
				AED7BB3524B37F7100C31E23 /* Base */,
			);
			name = LaunchScreen.storyboard;
			sourceTree = "<group>";
		};
/* End PBXVariantGroup section */

/* Begin XCBuildConfiguration section */
		AED7BB3824B37F7100C31E23 /* Debug */ = {
			isa = XCBuildConfiguration;
			buildSettings = {
				ALWAYS_SEARCH_USER_PATHS = NO;
				CLANG_ANALYZER_NONNULL = YES;
				CLANG_ANALYZER_NUMBER_OBJECT_CONVERSION = YES_AGGRESSIVE;
				CLANG_CXX_LANGUAGE_STANDARD = "gnu++14";
				CLANG_CXX_LIBRARY = "libc++";
				CLANG_ENABLE_MODULES = YES;
				CLANG_ENABLE_OBJC_ARC = YES;
				CLANG_ENABLE_OBJC_WEAK = YES;
				CLANG_WARN_BLOCK_CAPTURE_AUTORELEASING = YES;
				CLANG_WARN_BOOL_CONVERSION = YES;
				CLANG_WARN_COMMA = YES;
				CLANG_WARN_CONSTANT_CONVERSION = YES;
				CLANG_WARN_DEPRECATED_OBJC_IMPLEMENTATIONS = YES;
				CLANG_WARN_DIRECT_OBJC_ISA_USAGE = YES_ERROR;
				CLANG_WARN_DOCUMENTATION_COMMENTS = YES;
				CLANG_WARN_EMPTY_BODY = YES;
				CLANG_WARN_ENUM_CONVERSION = YES;
				CLANG_WARN_INFINITE_RECURSION = YES;
				CLANG_WARN_INT_CONVERSION = YES;
				CLANG_WARN_NON_LITERAL_NULL_CONVERSION = YES;
				CLANG_WARN_OBJC_IMPLICIT_RETAIN_SELF = YES;
				CLANG_WARN_OBJC_LITERAL_CONVERSION = YES;
				CLANG_WARN_OBJC_ROOT_CLASS = YES_ERROR;
				CLANG_WARN_RANGE_LOOP_ANALYSIS = YES;
				CLANG_WARN_STRICT_PROTOTYPES = YES;
				CLANG_WARN_SUSPICIOUS_MOVE = YES;
				CLANG_WARN_UNGUARDED_AVAILABILITY = YES_AGGRESSIVE;
				CLANG_WARN_UNREACHABLE_CODE = YES;
				CLANG_WARN__DUPLICATE_METHOD_MATCH = YES;
				COPY_PHASE_STRIP = NO;
				DEBUG_INFORMATION_FORMAT = dwarf;
				ENABLE_STRICT_OBJC_MSGSEND = YES;
				ENABLE_TESTABILITY = YES;
				GCC_C_LANGUAGE_STANDARD = gnu11;
				GCC_DYNAMIC_NO_PIC = NO;
				GCC_NO_COMMON_BLOCKS = YES;
				GCC_OPTIMIZATION_LEVEL = 0;
				GCC_PREPROCESSOR_DEFINITIONS = (
					"DEBUG=1",
					"$(inherited)",
				);
				GCC_WARN_64_TO_32_BIT_CONVERSION = YES;
				GCC_WARN_ABOUT_RETURN_TYPE = YES_ERROR;
				GCC_WARN_UNDECLARED_SELECTOR = YES;
				GCC_WARN_UNINITIALIZED_AUTOS = YES_AGGRESSIVE;
				GCC_WARN_UNUSED_FUNCTION = YES;
				GCC_WARN_UNUSED_VARIABLE = YES;
				IPHONEOS_DEPLOYMENT_TARGET = 13.5;
				MTL_ENABLE_DEBUG_INFO = INCLUDE_SOURCE;
				MTL_FAST_MATH = YES;
				ONLY_ACTIVE_ARCH = YES;
				SDKROOT = iphoneos;
				SWIFT_ACTIVE_COMPILATION_CONDITIONS = DEBUG;
				SWIFT_OPTIMIZATION_LEVEL = "-Onone";
			};
			name = Debug;
		};
		AED7BB3924B37F7100C31E23 /* Release */ = {
			isa = XCBuildConfiguration;
			buildSettings = {
				ALWAYS_SEARCH_USER_PATHS = NO;
				CLANG_ANALYZER_NONNULL = YES;
				CLANG_ANALYZER_NUMBER_OBJECT_CONVERSION = YES_AGGRESSIVE;
				CLANG_CXX_LANGUAGE_STANDARD = "gnu++14";
				CLANG_CXX_LIBRARY = "libc++";
				CLANG_ENABLE_MODULES = YES;
				CLANG_ENABLE_OBJC_ARC = YES;
				CLANG_ENABLE_OBJC_WEAK = YES;
				CLANG_WARN_BLOCK_CAPTURE_AUTORELEASING = YES;
				CLANG_WARN_BOOL_CONVERSION = YES;
				CLANG_WARN_COMMA = YES;
				CLANG_WARN_CONSTANT_CONVERSION = YES;
				CLANG_WARN_DEPRECATED_OBJC_IMPLEMENTATIONS = YES;
				CLANG_WARN_DIRECT_OBJC_ISA_USAGE = YES_ERROR;
				CLANG_WARN_DOCUMENTATION_COMMENTS = YES;
				CLANG_WARN_EMPTY_BODY = YES;
				CLANG_WARN_ENUM_CONVERSION = YES;
				CLANG_WARN_INFINITE_RECURSION = YES;
				CLANG_WARN_INT_CONVERSION = YES;
				CLANG_WARN_NON_LITERAL_NULL_CONVERSION = YES;
				CLANG_WARN_OBJC_IMPLICIT_RETAIN_SELF = YES;
				CLANG_WARN_OBJC_LITERAL_CONVERSION = YES;
				CLANG_WARN_OBJC_ROOT_CLASS = YES_ERROR;
				CLANG_WARN_RANGE_LOOP_ANALYSIS = YES;
				CLANG_WARN_STRICT_PROTOTYPES = YES;
				CLANG_WARN_SUSPICIOUS_MOVE = YES;
				CLANG_WARN_UNGUARDED_AVAILABILITY = YES_AGGRESSIVE;
				CLANG_WARN_UNREACHABLE_CODE = YES;
				CLANG_WARN__DUPLICATE_METHOD_MATCH = YES;
				COPY_PHASE_STRIP = NO;
				DEBUG_INFORMATION_FORMAT = "dwarf-with-dsym";
				ENABLE_NS_ASSERTIONS = NO;
				ENABLE_STRICT_OBJC_MSGSEND = YES;
				GCC_C_LANGUAGE_STANDARD = gnu11;
				GCC_NO_COMMON_BLOCKS = YES;
				GCC_WARN_64_TO_32_BIT_CONVERSION = YES;
				GCC_WARN_ABOUT_RETURN_TYPE = YES_ERROR;
				GCC_WARN_UNDECLARED_SELECTOR = YES;
				GCC_WARN_UNINITIALIZED_AUTOS = YES_AGGRESSIVE;
				GCC_WARN_UNUSED_FUNCTION = YES;
				GCC_WARN_UNUSED_VARIABLE = YES;
				IPHONEOS_DEPLOYMENT_TARGET = 13.5;
				MTL_ENABLE_DEBUG_INFO = NO;
				MTL_FAST_MATH = YES;
				SDKROOT = iphoneos;
				SWIFT_COMPILATION_MODE = wholemodule;
				SWIFT_OPTIMIZATION_LEVEL = "-O";
				VALIDATE_PRODUCT = YES;
			};
			name = Release;
		};
		AED7BB3B24B37F7100C31E23 /* Debug */ = {
			isa = XCBuildConfiguration;
			buildSettings = {
				ASSETCATALOG_COMPILER_APPICON_NAME = AppIcon;
				CODE_SIGN_STYLE = Automatic;
				INFOPLIST_FILE = "SYTYCD-ios/Info.plist";
				LD_RUNPATH_SEARCH_PATHS = (
					"$(inherited)",
					"@executable_path/Frameworks",
				);
				PRODUCT_BUNDLE_IDENTIFIER = "com.KuwaitCode.SYTYCD-ios";
				PRODUCT_NAME = "$(TARGET_NAME)";
				SWIFT_VERSION = 5.0;
				TARGETED_DEVICE_FAMILY = "1,2";
			};
			name = Debug;
		};
		AED7BB3C24B37F7100C31E23 /* Release */ = {
			isa = XCBuildConfiguration;
			buildSettings = {
				ASSETCATALOG_COMPILER_APPICON_NAME = AppIcon;
				CODE_SIGN_STYLE = Automatic;
				INFOPLIST_FILE = "SYTYCD-ios/Info.plist";
				LD_RUNPATH_SEARCH_PATHS = (
					"$(inherited)",
					"@executable_path/Frameworks",
				);
				PRODUCT_BUNDLE_IDENTIFIER = "com.KuwaitCode.SYTYCD-ios";
				PRODUCT_NAME = "$(TARGET_NAME)";
				SWIFT_VERSION = 5.0;
				TARGETED_DEVICE_FAMILY = "1,2";
			};
			name = Release;
		};
/* End XCBuildConfiguration section */

/* Begin XCConfigurationList section */
		AED7BB2124B37F6F00C31E23 /* Build configuration list for PBXProject "SYTYCD-ios" */ = {
			isa = XCConfigurationList;
			buildConfigurations = (
				AED7BB3824B37F7100C31E23 /* Debug */,
				AED7BB3924B37F7100C31E23 /* Release */,
			);
			defaultConfigurationIsVisible = 0;
			defaultConfigurationName = Release;
		};
		AED7BB3A24B37F7100C31E23 /* Build configuration list for PBXNativeTarget "SYTYCD-ios" */ = {
			isa = XCConfigurationList;
			buildConfigurations = (
				AED7BB3B24B37F7100C31E23 /* Debug */,
				AED7BB3C24B37F7100C31E23 /* Release */,
			);
			defaultConfigurationIsVisible = 0;
			defaultConfigurationName = Release;
		};
/* End XCConfigurationList section */
	};
	rootObject = AED7BB1E24B37F6F00C31E23 /* Project object */;
}
